{
  "name": "mail-experimenter",
  "version": "1.0.0",
  "lockfileVersion": 2,
  "requires": true,
  "packages": {
    "": {
      "version": "1.0.0",
      "license": "ISC",
      "dependencies": {
        "imapflow": "^1.0.57",
        "mailparser": "^3.2.0"
      }
    },
    "node_modules/atomic-sleep": {
      "version": "1.0.0",
      "resolved": "https://registry.npmjs.org/atomic-sleep/-/atomic-sleep-1.0.0.tgz",
      "integrity": "sha512-kNOjDqAh7px0XWNI+4QbzoiR/nTkHAWNud2uvnJquD1/x5a7EQZMJT0AczqK0Qn67oY/TTQ1LbUKajZpp3I9tQ==",
      "engines": {
        "node": ">=8.0.0"
      }
    },
    "node_modules/deepmerge": {
      "version": "4.2.2",
      "resolved": "https://registry.npmjs.org/deepmerge/-/deepmerge-4.2.2.tgz",
      "integrity": "sha512-FJ3UgI4gIl+PHZm53knsuSFpE+nESMr7M4v9QcgB7S63Kj/6WqMiFQJpBBYz1Pt+66bZpP3Q7Lye0Oo9MPKEdg==",
      "engines": {
        "node": ">=0.10.0"
      }
    },
    "node_modules/dom-serializer": {
      "version": "1.3.1",
      "resolved": "https://registry.npmjs.org/dom-serializer/-/dom-serializer-1.3.1.tgz",
      "integrity": "sha512-Pv2ZluG5ife96udGgEDovOOOA5UELkltfJpnIExPrAk1LTvecolUGn6lIaoLh86d83GiB86CjzciMd9BuRB71Q==",
      "dependencies": {
        "domelementtype": "^2.0.1",
        "domhandler": "^4.0.0",
        "entities": "^2.0.0"
      },
      "funding": {
        "url": "https://github.com/cheeriojs/dom-serializer?sponsor=1"
      }
    },
    "node_modules/domelementtype": {
      "version": "2.2.0",
      "resolved": "https://registry.npmjs.org/domelementtype/-/domelementtype-2.2.0.tgz",
      "integrity": "sha512-DtBMo82pv1dFtUmHyr48beiuq792Sxohr+8Hm9zoxklYPfa6n0Z3Byjj2IV7bmr2IyqClnqEQhfgHJJ5QF0R5A==",
      "funding": [
        {
          "type": "github",
          "url": "https://github.com/sponsors/fb55"
        }
      ]
    },
    "node_modules/domhandler": {
      "version": "4.2.0",
      "resolved": "https://registry.npmjs.org/domhandler/-/domhandler-4.2.0.tgz",
      "integrity": "sha512-zk7sgt970kzPks2Bf+dwT/PLzghLnsivb9CcxkvR8Mzr66Olr0Ofd8neSbglHJHaHa2MadfoSdNlKYAaafmWfA==",
      "dependencies": {
        "domelementtype": "^2.2.0"
      },
      "engines": {
        "node": ">= 4"
      },
      "funding": {
        "url": "https://github.com/fb55/domhandler?sponsor=1"
      }
    },
    "node_modules/domutils": {
      "version": "2.6.0",
      "resolved": "https://registry.npmjs.org/domutils/-/domutils-2.6.0.tgz",
      "integrity": "sha512-y0BezHuy4MDYxh6OvolXYsH+1EMGmFbwv5FKW7ovwMG6zTPWqNPq3WF9ayZssFq+UlKdffGLbOEaghNdaOm1WA==",
      "dependencies": {
        "dom-serializer": "^1.0.1",
        "domelementtype": "^2.2.0",
        "domhandler": "^4.2.0"
      },
      "funding": {
        "url": "https://github.com/fb55/domutils?sponsor=1"
      }
    },
    "node_modules/encoding-japanese": {
      "version": "1.0.30",
      "resolved": "https://registry.npmjs.org/encoding-japanese/-/encoding-japanese-1.0.30.tgz",
      "integrity": "sha512-bd/DFLAoJetvv7ar/KIpE3CNO8wEuyrt9Xuw6nSMiZ+Vrz/Q21BPsMHvARL2Wz6IKHKXgb+DWZqtRg1vql9cBg=="
    },
    "node_modules/entities": {
      "version": "2.2.0",
      "resolved": "https://registry.npmjs.org/entities/-/entities-2.2.0.tgz",
      "integrity": "sha512-p92if5Nz619I0w+akJrLZH0MX0Pb5DX39XOwQTtXSdQQOaYH03S1uIQp4mhOZtAXrxq4ViO67YTiLBo2638o9A==",
      "funding": {
        "url": "https://github.com/fb55/entities?sponsor=1"
      }
    },
    "node_modules/fast-redact": {
      "version": "3.0.1",
      "resolved": "https://registry.npmjs.org/fast-redact/-/fast-redact-3.0.1.tgz",
      "integrity": "sha512-kYpn4Y/valC9MdrISg47tZOpYBNoTXKgT9GYXFpHN/jYFs+lFkPoisY+LcBODdKVMY96ATzvzsWv+ES/4Kmufw==",
      "engines": {
        "node": ">=6"
      }
    },
    "node_modules/fast-safe-stringify": {
      "version": "2.0.7",
      "resolved": "https://registry.npmjs.org/fast-safe-stringify/-/fast-safe-stringify-2.0.7.tgz",
      "integrity": "sha512-Utm6CdzT+6xsDk2m8S6uL8VHxNwI6Jub+e9NYTcAms28T84pTa25GJQV9j0CY0N1rM8hK4x6grpF2BQf+2qwVA=="
    },
    "node_modules/flatstr": {
      "version": "1.0.12",
      "resolved": "https://registry.npmjs.org/flatstr/-/flatstr-1.0.12.tgz",
      "integrity": "sha512-4zPxDyhCyiN2wIAtSLI6gc82/EjqZc1onI4Mz/l0pWrAlsSfYH/2ZIcU+e3oA2wDwbzIWNKwa23F8rh6+DRWkw=="
    },
    "node_modules/he": {
      "version": "1.2.0",
      "resolved": "https://registry.npmjs.org/he/-/he-1.2.0.tgz",
      "integrity": "sha512-F/1DnUGPopORZi0ni+CvrCgHQ5FyEAHRLSApuYWMmrbSwoN2Mn/7k+Gl38gJnR7yyDZk6WLXwiGod1JOWNDKGw==",
      "bin": {
        "he": "bin/he"
      }
    },
    "node_modules/html-to-text": {
      "version": "7.0.0",
      "resolved": "https://registry.npmjs.org/html-to-text/-/html-to-text-7.0.0.tgz",
      "integrity": "sha512-UR/WMSHRN8m+L7qQUhbSoxylwBovNPS+xURn/pHeJvbnemhyMiuPYBTBGqB6s8ajAARN5jzKfF0d3CY86VANpA==",
      "dependencies": {
        "deepmerge": "^4.2.2",
        "he": "^1.2.0",
        "htmlparser2": "^6.0.0",
        "minimist": "^1.2.5"
      },
      "bin": {
        "html-to-text": "bin/cli.js"
      },
      "engines": {
        "node": ">=10.23.2"
      }
    },
    "node_modules/htmlparser2": {
      "version": "6.1.0",
      "resolved": "https://registry.npmjs.org/htmlparser2/-/htmlparser2-6.1.0.tgz",
      "integrity": "sha512-gyyPk6rgonLFEDGoeRgQNaEUvdJ4ktTmmUh/h2t7s+M8oPpIPxgNACWa+6ESR57kXstwqPiCut0V8NRpcwgU7A==",
      "funding": [
        "https://github.com/fb55/htmlparser2?sponsor=1",
        {
          "type": "github",
          "url": "https://github.com/sponsors/fb55"
        }
      ],
      "dependencies": {
        "domelementtype": "^2.0.1",
        "domhandler": "^4.0.0",
        "domutils": "^2.5.2",
        "entities": "^2.0.0"
      }
    },
    "node_modules/iconv-lite": {
      "version": "0.6.2",
      "resolved": "https://registry.npmjs.org/iconv-lite/-/iconv-lite-0.6.2.tgz",
      "integrity": "sha512-2y91h5OpQlolefMPmUlivelittSWy0rP+oYVpn6A7GwVHNE8AWzoYOBNmlwks3LobaJxgHCYZAnyNo2GgpNRNQ==",
      "dependencies": {
        "safer-buffer": ">= 2.1.2 < 3.0.0"
      },
      "engines": {
        "node": ">=0.10.0"
      }
    },
    "node_modules/imapflow": {
      "version": "1.0.57",
      "resolved": "https://registry.npmjs.org/imapflow/-/imapflow-1.0.57.tgz",
      "integrity": "sha512-mHHL6+kbKovD76tkjhGtfAHzRVfaZPW1wBa5xFJgBv5nHOLjd2ECd2IRumkSTIaY2D08Q/VFzndYVH4BqsuybQ==",
      "dependencies": {
        "encoding-japanese": "1.0.30",
        "iconv-lite": "0.6.2",
        "libbase64": "1.2.1",
        "libmime": "5.0.0",
        "libqp": "1.1.0",
        "mailsplit": "5.0.1",
        "pino": "6.11.3"
      }
    },
    "node_modules/libbase64": {
      "version": "1.2.1",
      "resolved": "https://registry.npmjs.org/libbase64/-/libbase64-1.2.1.tgz",
      "integrity": "sha512-l+nePcPbIG1fNlqMzrh68MLkX/gTxk/+vdvAb388Ssi7UuUN31MI44w4Yf33mM3Cm4xDfw48mdf3rkdHszLNew=="
    },
    "node_modules/libmime": {
      "version": "5.0.0",
      "resolved": "https://registry.npmjs.org/libmime/-/libmime-5.0.0.tgz",
      "integrity": "sha512-2Bm96d5ktnE217Ib1FldvUaPAaOst6GtZrsxJCwnJgi9lnsoAKIHyU0sae8rNx6DNYbjdqqh8lv5/b9poD8qOg==",
      "dependencies": {
        "encoding-japanese": "1.0.30",
        "iconv-lite": "0.6.2",
        "libbase64": "1.2.1",
        "libqp": "1.1.0"
      }
    },
    "node_modules/libqp": {
      "version": "1.1.0",
      "resolved": "https://registry.npmjs.org/libqp/-/libqp-1.1.0.tgz",
      "integrity": "sha1-9ebgatdLeU+1tbZpiL9yjvHe2+g="
    },
    "node_modules/linkify-it": {
      "version": "3.0.2",
      "resolved": "https://registry.npmjs.org/linkify-it/-/linkify-it-3.0.2.tgz",
      "integrity": "sha512-gDBO4aHNZS6coiZCKVhSNh43F9ioIL4JwRjLZPkoLIY4yZFwg264Y5lu2x6rb1Js42Gh6Yqm2f6L2AJcnkzinQ==",
      "dependencies": {
        "uc.micro": "^1.0.1"
      }
    },
    "node_modules/mailparser": {
      "version": "3.2.0",
      "resolved": "https://registry.npmjs.org/mailparser/-/mailparser-3.2.0.tgz",
      "integrity": "sha512-UpAC45oeYjp4Aa/z7XuG+PpElI+pkHpuomGcSeL1zH8gEo7anqoFY0X58ZHf0CdQIpFzp2qCPa5h905VDVUUgQ==",
      "dependencies": {
        "encoding-japanese": "1.0.30",
        "he": "1.2.0",
        "html-to-text": "7.0.0",
        "iconv-lite": "0.6.2",
        "libmime": "5.0.0",
        "linkify-it": "3.0.2",
        "mailsplit": "5.0.1",
        "nodemailer": "6.5.0",
        "tlds": "1.219.0"
      }
    },
    "node_modules/mailsplit": {
      "version": "5.0.1",
      "resolved": "https://registry.npmjs.org/mailsplit/-/mailsplit-5.0.1.tgz",
      "integrity": "sha512-CcGy1sv8j9jdjKiNIuMZYIKhq4s47nUj9Q98BZfptabH/whmiQX7EvrHx36O4DcyPEsnG152GVNyvqPi9FNIew==",
      "dependencies": {
        "libbase64": "1.2.1",
        "libmime": "5.0.0",
        "libqp": "1.1.0"
      }
    },
    "node_modules/minimist": {
      "version": "1.2.5",
      "resolved": "https://registry.npmjs.org/minimist/-/minimist-1.2.5.tgz",
      "integrity": "sha512-FM9nNUYrRBAELZQT3xeZQ7fmMOBg6nWNmJKTcgsJeaLstP/UODVpGsr5OhXhhXg6f+qtJ8uiZ+PUxkDWcgIXLw=="
    },
    "node_modules/nodemailer": {
      "version": "6.5.0",
      "resolved": "https://registry.npmjs.org/nodemailer/-/nodemailer-6.5.0.tgz",
      "integrity": "sha512-Tm4RPrrIZbnqDKAvX+/4M+zovEReiKlEXWDzG4iwtpL9X34MJY+D5LnQPH/+eghe8DLlAVshHAJZAZWBGhkguw==",
      "engines": {
        "node": ">=6.0.0"
      }
    },
    "node_modules/pino": {
      "version": "6.11.3",
      "resolved": "https://registry.npmjs.org/pino/-/pino-6.11.3.tgz",
      "integrity": "sha512-drPtqkkSf0ufx2gaea3TryFiBHdNIdXKf5LN0hTM82SXI4xVIve2wLwNg92e1MT6m3jASLu6VO7eGY6+mmGeyw==",
      "dependencies": {
        "fast-redact": "^3.0.0",
        "fast-safe-stringify": "^2.0.7",
        "flatstr": "^1.0.12",
        "pino-std-serializers": "^3.1.0",
        "quick-format-unescaped": "^4.0.3",
        "sonic-boom": "^1.0.2"
      },
      "bin": {
        "pino": "bin.js"
      }
    },
    "node_modules/pino-std-serializers": {
      "version": "3.2.0",
      "resolved": "https://registry.npmjs.org/pino-std-serializers/-/pino-std-serializers-3.2.0.tgz",
      "integrity": "sha512-EqX4pwDPrt3MuOAAUBMU0Tk5kR/YcCM5fNPEzgCO2zJ5HfX0vbiH9HbJglnyeQsN96Kznae6MWD47pZB5avTrg=="
    },
    "node_modules/quick-format-unescaped": {
      "version": "4.0.3",
      "resolved": "https://registry.npmjs.org/quick-format-unescaped/-/quick-format-unescaped-4.0.3.tgz",
      "integrity": "sha512-MaL/oqh02mhEo5m5J2rwsVL23Iw2PEaGVHgT2vFt8AAsr0lfvQA5dpXo9TPu0rz7tSBdUPgkbam0j/fj5ZM8yg=="
    },
    "node_modules/safer-buffer": {
      "version": "2.1.2",
      "resolved": "https://registry.npmjs.org/safer-buffer/-/safer-buffer-2.1.2.tgz",
      "integrity": "sha512-YZo3K82SD7Riyi0E1EQPojLz7kpepnSQI9IyPbHHg1XXXevb5dJI7tpyN2ADxGcQbHG7vcyRHk0cbwqcQriUtg=="
    },
    "node_modules/sonic-boom": {
      "version": "1.4.1",
      "resolved": "https://registry.npmjs.org/sonic-boom/-/sonic-boom-1.4.1.tgz",
      "integrity": "sha512-LRHh/A8tpW7ru89lrlkU4AszXt1dbwSjVWguGrmlxE7tawVmDBlI1PILMkXAxJTwqhgsEeTHzj36D5CmHgQmNg==",
      "dependencies": {
        "atomic-sleep": "^1.0.0",
        "flatstr": "^1.0.12"
      }
    },
    "node_modules/tlds": {
      "version": "1.219.0",
      "resolved": "https://registry.npmjs.org/tlds/-/tlds-1.219.0.tgz",
      "integrity": "sha512-o4g9c8kXCmTDwUnK/9HpTT9o/GNH85KCvs+S5SgUw5yILdECvMmTGzK7ngoWMp97P5tfYr8fZeF16YhgV/l90A==",
      "bin": {
        "tlds": "bin.js"
      }
    },
    "node_modules/uc.micro": {
      "version": "1.0.6",
      "resolved": "https://registry.npmjs.org/uc.micro/-/uc.micro-1.0.6.tgz",
      "integrity": "sha512-8Y75pvTYkLJW2hWQHXxoqRgV7qb9B+9vFEtidML+7koHUFapnVJAZ6cKs+Qjz5Aw3aZWHMC6u0wJE3At+nSGwA=="
    }
  },
  "dependencies": {
    "atomic-sleep": {
      "version": "1.0.0",
      "resolved": "https://registry.npmjs.org/atomic-sleep/-/atomic-sleep-1.0.0.tgz",
      "integrity": "sha512-kNOjDqAh7px0XWNI+4QbzoiR/nTkHAWNud2uvnJquD1/x5a7EQZMJT0AczqK0Qn67oY/TTQ1LbUKajZpp3I9tQ=="
    },
    "deepmerge": {
      "version": "4.2.2",
      "resolved": "https://registry.npmjs.org/deepmerge/-/deepmerge-4.2.2.tgz",
      "integrity": "sha512-FJ3UgI4gIl+PHZm53knsuSFpE+nESMr7M4v9QcgB7S63Kj/6WqMiFQJpBBYz1Pt+66bZpP3Q7Lye0Oo9MPKEdg=="
    },
    "dom-serializer": {
      "version": "1.3.1",
      "resolved": "https://registry.npmjs.org/dom-serializer/-/dom-serializer-1.3.1.tgz",
      "integrity": "sha512-Pv2ZluG5ife96udGgEDovOOOA5UELkltfJpnIExPrAk1LTvecolUGn6lIaoLh86d83GiB86CjzciMd9BuRB71Q==",
      "requires": {
        "domelementtype": "^2.0.1",
        "domhandler": "^4.0.0",
        "entities": "^2.0.0"
      }
    },
    "domelementtype": {
      "version": "2.2.0",
      "resolved": "https://registry.npmjs.org/domelementtype/-/domelementtype-2.2.0.tgz",
      "integrity": "sha512-DtBMo82pv1dFtUmHyr48beiuq792Sxohr+8Hm9zoxklYPfa6n0Z3Byjj2IV7bmr2IyqClnqEQhfgHJJ5QF0R5A=="
    },
    "domhandler": {
      "version": "4.2.0",
      "resolved": "https://registry.npmjs.org/domhandler/-/domhandler-4.2.0.tgz",
      "integrity": "sha512-zk7sgt970kzPks2Bf+dwT/PLzghLnsivb9CcxkvR8Mzr66Olr0Ofd8neSbglHJHaHa2MadfoSdNlKYAaafmWfA==",
      "requires": {
        "domelementtype": "^2.2.0"
      }
    },
    "domutils": {
      "version": "2.6.0",
      "resolved": "https://registry.npmjs.org/domutils/-/domutils-2.6.0.tgz",
      "integrity": "sha512-y0BezHuy4MDYxh6OvolXYsH+1EMGmFbwv5FKW7ovwMG6zTPWqNPq3WF9ayZssFq+UlKdffGLbOEaghNdaOm1WA==",
      "requires": {
        "dom-serializer": "^1.0.1",
        "domelementtype": "^2.2.0",
        "domhandler": "^4.2.0"
      }
    },
    "encoding-japanese": {
      "version": "1.0.30",
      "resolved": "https://registry.npmjs.org/encoding-japanese/-/encoding-japanese-1.0.30.tgz",
      "integrity": "sha512-bd/DFLAoJetvv7ar/KIpE3CNO8wEuyrt9Xuw6nSMiZ+Vrz/Q21BPsMHvARL2Wz6IKHKXgb+DWZqtRg1vql9cBg=="
    },
    "entities": {
      "version": "2.2.0",
      "resolved": "https://registry.npmjs.org/entities/-/entities-2.2.0.tgz",
      "integrity": "sha512-p92if5Nz619I0w+akJrLZH0MX0Pb5DX39XOwQTtXSdQQOaYH03S1uIQp4mhOZtAXrxq4ViO67YTiLBo2638o9A=="
    },
    "fast-redact": {
      "version": "3.0.1",
      "resolved": "https://registry.npmjs.org/fast-redact/-/fast-redact-3.0.1.tgz",
      "integrity": "sha512-kYpn4Y/valC9MdrISg47tZOpYBNoTXKgT9GYXFpHN/jYFs+lFkPoisY+LcBODdKVMY96ATzvzsWv+ES/4Kmufw=="
    },
    "fast-safe-stringify": {
      "version": "2.0.7",
      "resolved": "https://registry.npmjs.org/fast-safe-stringify/-/fast-safe-stringify-2.0.7.tgz",
      "integrity": "sha512-Utm6CdzT+6xsDk2m8S6uL8VHxNwI6Jub+e9NYTcAms28T84pTa25GJQV9j0CY0N1rM8hK4x6grpF2BQf+2qwVA=="
    },
    "flatstr": {
      "version": "1.0.12",
      "resolved": "https://registry.npmjs.org/flatstr/-/flatstr-1.0.12.tgz",
      "integrity": "sha512-4zPxDyhCyiN2wIAtSLI6gc82/EjqZc1onI4Mz/l0pWrAlsSfYH/2ZIcU+e3oA2wDwbzIWNKwa23F8rh6+DRWkw=="
    },
    "he": {
      "version": "1.2.0",
      "resolved": "https://registry.npmjs.org/he/-/he-1.2.0.tgz",
      "integrity": "sha512-F/1DnUGPopORZi0ni+CvrCgHQ5FyEAHRLSApuYWMmrbSwoN2Mn/7k+Gl38gJnR7yyDZk6WLXwiGod1JOWNDKGw=="
    },
    "html-to-text": {
      "version": "7.0.0",
      "resolved": "https://registry.npmjs.org/html-to-text/-/html-to-text-7.0.0.tgz",
      "integrity": "sha512-UR/WMSHRN8m+L7qQUhbSoxylwBovNPS+xURn/pHeJvbnemhyMiuPYBTBGqB6s8ajAARN5jzKfF0d3CY86VANpA==",
      "requires": {
        "deepmerge": "^4.2.2",
        "he": "^1.2.0",
        "htmlparser2": "^6.0.0",
        "minimist": "^1.2.5"
      }
    },
    "htmlparser2": {
      "version": "6.1.0",
      "resolved": "https://registry.npmjs.org/htmlparser2/-/htmlparser2-6.1.0.tgz",
      "integrity": "sha512-gyyPk6rgonLFEDGoeRgQNaEUvdJ4ktTmmUh/h2t7s+M8oPpIPxgNACWa+6ESR57kXstwqPiCut0V8NRpcwgU7A==",
      "requires": {
        "domelementtype": "^2.0.1",
        "domhandler": "^4.0.0",
        "domutils": "^2.5.2",
        "entities": "^2.0.0"
      }
    },
    "iconv-lite": {
      "version": "0.6.2",
      "resolved": "https://registry.npmjs.org/iconv-lite/-/iconv-lite-0.6.2.tgz",
      "integrity": "sha512-2y91h5OpQlolefMPmUlivelittSWy0rP+oYVpn6A7GwVHNE8AWzoYOBNmlwks3LobaJxgHCYZAnyNo2GgpNRNQ==",
      "requires": {
        "safer-buffer": ">= 2.1.2 < 3.0.0"
      }
    },
    "imapflow": {
      "version": "1.0.57",
      "resolved": "https://registry.npmjs.org/imapflow/-/imapflow-1.0.57.tgz",
      "integrity": "sha512-mHHL6+kbKovD76tkjhGtfAHzRVfaZPW1wBa5xFJgBv5nHOLjd2ECd2IRumkSTIaY2D08Q/VFzndYVH4BqsuybQ==",
      "requires": {
        "encoding-japanese": "1.0.30",
        "iconv-lite": "0.6.2",
        "libbase64": "1.2.1",
        "libmime": "5.0.0",
        "libqp": "1.1.0",
        "mailsplit": "5.0.1",
        "pino": "6.11.3"
      }
    },
    "libbase64": {
      "version": "1.2.1",
      "resolved": "https://registry.npmjs.org/libbase64/-/libbase64-1.2.1.tgz",
      "integrity": "sha512-l+nePcPbIG1fNlqMzrh68MLkX/gTxk/+vdvAb388Ssi7UuUN31MI44w4Yf33mM3Cm4xDfw48mdf3rkdHszLNew=="
    },
    "libmime": {
      "version": "5.0.0",
      "resolved": "https://registry.npmjs.org/libmime/-/libmime-5.0.0.tgz",
      "integrity": "sha512-2Bm96d5ktnE217Ib1FldvUaPAaOst6GtZrsxJCwnJgi9lnsoAKIHyU0sae8rNx6DNYbjdqqh8lv5/b9poD8qOg==",
      "requires": {
        "encoding-japanese": "1.0.30",
        "iconv-lite": "0.6.2",
        "libbase64": "1.2.1",
        "libqp": "1.1.0"
      }
    },
    "libqp": {
      "version": "1.1.0",
      "resolved": "https://registry.npmjs.org/libqp/-/libqp-1.1.0.tgz",
      "integrity": "sha1-9ebgatdLeU+1tbZpiL9yjvHe2+g="
    },
    "linkify-it": {
      "version": "3.0.2",
      "resolved": "https://registry.npmjs.org/linkify-it/-/linkify-it-3.0.2.tgz",
      "integrity": "sha512-gDBO4aHNZS6coiZCKVhSNh43F9ioIL4JwRjLZPkoLIY4yZFwg264Y5lu2x6rb1Js42Gh6Yqm2f6L2AJcnkzinQ==",
      "requires": {
        "uc.micro": "^1.0.1"
      }
    },
    "mailparser": {
      "version": "3.2.0",
      "resolved": "https://registry.npmjs.org/mailparser/-/mailparser-3.2.0.tgz",
      "integrity": "sha512-UpAC45oeYjp4Aa/z7XuG+PpElI+pkHpuomGcSeL1zH8gEo7anqoFY0X58ZHf0CdQIpFzp2qCPa5h905VDVUUgQ==",
      "requires": {
        "encoding-japanese": "1.0.30",
        "he": "1.2.0",
        "html-to-text": "7.0.0",
        "iconv-lite": "0.6.2",
        "libmime": "5.0.0",
        "linkify-it": "3.0.2",
        "mailsplit": "5.0.1",
        "nodemailer": "6.5.0",
        "tlds": "1.219.0"
      }
    },
    "mailsplit": {
      "version": "5.0.1",
      "resolved": "https://registry.npmjs.org/mailsplit/-/mailsplit-5.0.1.tgz",
      "integrity": "sha512-CcGy1sv8j9jdjKiNIuMZYIKhq4s47nUj9Q98BZfptabH/whmiQX7EvrHx36O4DcyPEsnG152GVNyvqPi9FNIew==",
      "requires": {
        "libbase64": "1.2.1",
        "libmime": "5.0.0",
        "libqp": "1.1.0"
      }
    },
    "minimist": {
      "version": "1.2.5",
      "resolved": "https://registry.npmjs.org/minimist/-/minimist-1.2.5.tgz",
      "integrity": "sha512-FM9nNUYrRBAELZQT3xeZQ7fmMOBg6nWNmJKTcgsJeaLstP/UODVpGsr5OhXhhXg6f+qtJ8uiZ+PUxkDWcgIXLw=="
    },
    "nodemailer": {
      "version": "6.5.0",
      "resolved": "https://registry.npmjs.org/nodemailer/-/nodemailer-6.5.0.tgz",
      "integrity": "sha512-Tm4RPrrIZbnqDKAvX+/4M+zovEReiKlEXWDzG4iwtpL9X34MJY+D5LnQPH/+eghe8DLlAVshHAJZAZWBGhkguw=="
    },
    "pino": {
      "version": "6.11.3",
      "resolved": "https://registry.npmjs.org/pino/-/pino-6.11.3.tgz",
      "integrity": "sha512-drPtqkkSf0ufx2gaea3TryFiBHdNIdXKf5LN0hTM82SXI4xVIve2wLwNg92e1MT6m3jASLu6VO7eGY6+mmGeyw==",
      "requires": {
        "fast-redact": "^3.0.0",
        "fast-safe-stringify": "^2.0.7",
        "flatstr": "^1.0.12",
        "pino-std-serializers": "^3.1.0",
        "quick-format-unescaped": "^4.0.3",
        "sonic-boom": "^1.0.2"
      }
    },
    "pino-std-serializers": {
      "version": "3.2.0",
      "resolved": "https://registry.npmjs.org/pino-std-serializers/-/pino-std-serializers-3.2.0.tgz",
      "integrity": "sha512-EqX4pwDPrt3MuOAAUBMU0Tk5kR/YcCM5fNPEzgCO2zJ5HfX0vbiH9HbJglnyeQsN96Kznae6MWD47pZB5avTrg=="
    },
    "quick-format-unescaped": {
      "version": "4.0.3",
      "resolved": "https://registry.npmjs.org/quick-format-unescaped/-/quick-format-unescaped-4.0.3.tgz",
      "integrity": "sha512-MaL/oqh02mhEo5m5J2rwsVL23Iw2PEaGVHgT2vFt8AAsr0lfvQA5dpXo9TPu0rz7tSBdUPgkbam0j/fj5ZM8yg=="
    },
    "safer-buffer": {
      "version": "2.1.2",
      "resolved": "https://registry.npmjs.org/safer-buffer/-/safer-buffer-2.1.2.tgz",
      "integrity": "sha512-YZo3K82SD7Riyi0E1EQPojLz7kpepnSQI9IyPbHHg1XXXevb5dJI7tpyN2ADxGcQbHG7vcyRHk0cbwqcQriUtg=="
    },
    "sonic-boom": {
      "version": "1.4.1",
      "resolved": "https://registry.npmjs.org/sonic-boom/-/sonic-boom-1.4.1.tgz",
      "integrity": "sha512-LRHh/A8tpW7ru89lrlkU4AszXt1dbwSjVWguGrmlxE7tawVmDBlI1PILMkXAxJTwqhgsEeTHzj36D5CmHgQmNg==",
      "requires": {
        "atomic-sleep": "^1.0.0",
        "flatstr": "^1.0.12"
      }
    },
    "tlds": {
      "version": "1.219.0",
      "resolved": "https://registry.npmjs.org/tlds/-/tlds-1.219.0.tgz",
      "integrity": "sha512-o4g9c8kXCmTDwUnK/9HpTT9o/GNH85KCvs+S5SgUw5yILdECvMmTGzK7ngoWMp97P5tfYr8fZeF16YhgV/l90A=="
    },
    "uc.micro": {
      "version": "1.0.6",
      "resolved": "https://registry.npmjs.org/uc.micro/-/uc.micro-1.0.6.tgz",
      "integrity": "sha512-8Y75pvTYkLJW2hWQHXxoqRgV7qb9B+9vFEtidML+7koHUFapnVJAZ6cKs+Qjz5Aw3aZWHMC6u0wJE3At+nSGwA=="
    }
  }
}
